{
  "name": "laughing-waffle",
  "version": "1.0.0",
  "lockfileVersion": 3,
  "requires": true,
  "packages": {
    "": {
      "name": "laughing-waffle",
      "version": "1.0.0",
      "license": "Apache-2.0",
      "workspaces": [
        "packages/atomic-bisecter"
      ]
    },
    "node_modules/atomic-bisecter": {
      "resolved": "packages/atomic-bisecter",
      "link": true
    },
    "packages/atomic-bisecter": {
      "version": "1.0.0",
      "license": "ISC"
    }
  }
}
